// !$*UTF8*$!
{
	archiveVersion = 1;
	classes = {
	};
	objectVersion = 50;
	objects = {

/* Begin PBXBuildFile section */
		FD3A573923950B35009D6845 /* AppDelegate.swift in Sources */ = {isa = PBXBuildFile; fileRef = FD3A573823950B35009D6845 /* AppDelegate.swift */; };
		FD3A573B23950B35009D6845 /* SceneDelegate.swift in Sources */ = {isa = PBXBuildFile; fileRef = FD3A573A23950B35009D6845 /* SceneDelegate.swift */; };
		FD3A573D23950B35009D6845 /* ViewController.swift in Sources */ = {isa = PBXBuildFile; fileRef = FD3A573C23950B35009D6845 /* ViewController.swift */; };
		FD3A574023950B35009D6845 /* Main.storyboard in Resources */ = {isa = PBXBuildFile; fileRef = FD3A573E23950B35009D6845 /* Main.storyboard */; };
		FD3A574223950B39009D6845 /* Assets.xcassets in Resources */ = {isa = PBXBuildFile; fileRef = FD3A574123950B39009D6845 /* Assets.xcassets */; };
		FD3A574523950B39009D6845 /* LaunchScreen.storyboard in Resources */ = {isa = PBXBuildFile; fileRef = FD3A574323950B39009D6845 /* LaunchScreen.storyboard */; };
		FD3A574E23950C09009D6845 /* PostTableViewCell.swift in Sources */ = {isa = PBXBuildFile; fileRef = FD3A574C23950C09009D6845 /* PostTableViewCell.swift */; };
		FD3A574F23950C09009D6845 /* PostTableViewCell.xib in Resources */ = {isa = PBXBuildFile; fileRef = FD3A574D23950C09009D6845 /* PostTableViewCell.xib */; };
		FD9AAFD92395105400536C47 /* Post.swift in Sources */ = {isa = PBXBuildFile; fileRef = FD9AAFD82395105400536C47 /* Post.swift */; };
		FD9AAFDB2395109B00536C47 /* NetworkManager.swift in Sources */ = {isa = PBXBuildFile; fileRef = FD9AAFDA2395109B00536C47 /* NetworkManager.swift */; };
/* End PBXBuildFile section */

/* Begin PBXFileReference section */
		FD3A573523950B35009D6845 /* TableFromNet.app */ = {isa = PBXFileReference; explicitFileType = wrapper.application; includeInIndex = 0; path = TableFromNet.app; sourceTree = BUILT_PRODUCTS_DIR; };
		FD3A573823950B35009D6845 /* AppDelegate.swift */ = {isa = PBXFileReference; lastKnownFileType = sourcecode.swift; path = AppDelegate.swift; sourceTree = "<group>"; };
		FD3A573A23950B35009D6845 /* SceneDelegate.swift */ = {isa = PBXFileReference; lastKnownFileType = sourcecode.swift; path = SceneDelegate.swift; sourceTree = "<group>"; };
		FD3A573C23950B35009D6845 /* ViewController.swift */ = {isa = PBXFileReference; lastKnownFileType = sourcecode.swift; path = ViewController.swift; sourceTree = "<group>"; };
		FD3A573F23950B35009D6845 /* Base */ = {isa = PBXFileReference; lastKnownFileType = file.storyboard; name = Base; path = Base.lproj/Main.storyboard; sourceTree = "<group>"; };
		FD3A574123950B39009D6845 /* Assets.xcassets */ = {isa = PBXFileReference; lastKnownFileType = folder.assetcatalog; path = Assets.xcassets; sourceTree = "<group>"; };
		FD3A574423950B39009D6845 /* Base */ = {isa = PBXFileReference; lastKnownFileType = file.storyboard; name = Base; path = Base.lproj/LaunchScreen.storyboard; sourceTree = "<group>"; };
		FD3A574623950B39009D6845 /* Info.plist */ = {isa = PBXFileReference; lastKnownFileType = text.plist.xml; path = Info.plist; sourceTree = "<group>"; };
		FD3A574C23950C09009D6845 /* PostTableViewCell.swift */ = {isa = PBXFileReference; lastKnownFileType = sourcecode.swift; path = PostTableViewCell.swift; sourceTree = "<group>"; };
		FD3A574D23950C09009D6845 /* PostTableViewCell.xib */ = {isa = PBXFileReference; lastKnownFileType = file.xib; path = PostTableViewCell.xib; sourceTree = "<group>"; };
		FD9AAFD82395105400536C47 /* Post.swift */ = {isa = PBXFileReference; lastKnownFileType = sourcecode.swift; path = Post.swift; sourceTree = "<group>"; };
		FD9AAFDA2395109B00536C47 /* NetworkManager.swift */ = {isa = PBXFileReference; lastKnownFileType = sourcecode.swift; path = NetworkManager.swift; sourceTree = "<group>"; };
/* End PBXFileReference section */

/* Begin PBXFrameworksBuildPhase section */
		FD3A573223950B35009D6845 /* Frameworks */ = {
			isa = PBXFrameworksBuildPhase;
			buildActionMask = 2147483647;
			files = (
			);
			runOnlyForDeploymentPostprocessing = 0;
		};
/* End PBXFrameworksBuildPhase section */

/* Begin PBXGroup section */
		FD3A572C23950B35009D6845 = {
			isa = PBXGroup;
			children = (
				FD3A573723950B35009D6845 /* TableFromNet */,
				FD3A573623950B35009D6845 /* Products */,
			);
			sourceTree = "<group>";
		};
		FD3A573623950B35009D6845 /* Products */ = {
			isa = PBXGroup;
			children = (
				FD3A573523950B35009D6845 /* TableFromNet.app */,
			);
			name = Products;
			sourceTree = "<group>";
		};
		FD3A573723950B35009D6845 /* TableFromNet */ = {
			isa = PBXGroup;
			children = (
				FD9AAFD82395105400536C47 /* Post.swift */,
				FD3A574C23950C09009D6845 /* PostTableViewCell.swift */,
				FD3A574D23950C09009D6845 /* PostTableViewCell.xib */,
				FD3A573823950B35009D6845 /* AppDelegate.swift */,
				FD3A573A23950B35009D6845 /* SceneDelegate.swift */,
				FD9AAFDA2395109B00536C47 /* NetworkManager.swift */,
				FD3A573C23950B35009D6845 /* ViewController.swift */,
				FD3A573E23950B35009D6845 /* Main.storyboard */,
				FD3A574123950B39009D6845 /* Assets.xcassets */,
				FD3A574323950B39009D6845 /* LaunchScreen.storyboard */,
				FD3A574623950B39009D6845 /* Info.plist */,
			);
			path = TableFromNet;
			sourceTree = "<group>";
		};
/* End PBXGroup section */

/* Begin PBXNativeTarget section */
		FD3A573423950B35009D6845 /* TableFromNet */ = {
			isa = PBXNativeTarget;
			buildConfigurationList = FD3A574923950B39009D6845 /* Build configuration list for PBXNativeTarget "TableFromNet" */;
			buildPhases = (
				FD3A573123950B35009D6845 /* Sources */,
				FD3A573223950B35009D6845 /* Frameworks */,
				FD3A573323950B35009D6845 /* Resources */,
			);
			buildRules = (
			);
			dependencies = (
			);
			name = TableFromNet;
			productName = TableFromNet;
			productReference = FD3A573523950B35009D6845 /* TableFromNet.app */;
			productType = "com.apple.product-type.application";
		};
/* End PBXNativeTarget section */

/* Begin PBXProject section */
		FD3A572D23950B35009D6845 /* Project object */ = {
			isa = PBXProject;
			attributes = {
				LastSwiftUpdateCheck = 1120;
				LastUpgradeCheck = 1120;
				ORGANIZATIONNAME = "Антон Петренко";
				TargetAttributes = {
					FD3A573423950B35009D6845 = {
						CreatedOnToolsVersion = 11.2.1;
					};
				};
			};
			buildConfigurationList = FD3A573023950B35009D6845 /* Build configuration list for PBXProject "TableFromNet" */;
			compatibilityVersion = "Xcode 9.3";
			developmentRegion = en;
			hasScannedForEncodings = 0;
			knownRegions = (
				en,
				Base,
			);
			mainGroup = FD3A572C23950B35009D6845;
			productRefGroup = FD3A573623950B35009D6845 /* Products */;
			projectDirPath = "";
			projectRoot = "";
			targets = (
				FD3A573423950B35009D6845 /* TableFromNet */,
			);
		};
/* End PBXProject section */

/* Begin PBXResourcesBuildPhase section */
		FD3A573323950B35009D6845 /* Resources */ = {
			isa = PBXResourcesBuildPhase;
			buildActionMask = 2147483647;
			files = (
				FD3A574523950B39009D6845 /* LaunchScreen.storyboard in Resources */,
				FD3A574223950B39009D6845 /* Assets.xcassets in Resources */,
				FD3A574023950B35009D6845 /* Main.storyboard in Resources */,
				FD3A574F23950C09009D6845 /* PostTableViewCell.xib in Resources */,
			);
			runOnlyForDeploymentPostprocessing = 0;
		};
/* End PBXResourcesBuildPhase section */

/* Begin PBXSourcesBuildPhase section */
		FD3A573123950B35009D6845 /* Sources */ = {
			isa = PBXSourcesBuildPhase;
			buildActionMask = 2147483647;
			files = (
				FD9AAFDB2395109B00536C47 /* NetworkManager.swift in Sources */,
				FD3A573D23950B35009D6845 /* ViewController.swift in Sources */,
				FD3A573923950B35009D6845 /* AppDelegate.swift in Sources */,
				FD3A573B23950B35009D6845 /* SceneDelegate.swift in Sources */,
				FD3A574E23950C09009D6845 /* PostTableViewCell.swift in Sources */,
				FD9AAFD92395105400536C47 /* Post.swift in Sources */,
			);
			runOnlyForDeploymentPostprocessing = 0;
		};
/* End PBXSourcesBuildPhase section */

/* Begin PBXVariantGroup section */
		FD3A573E23950B35009D6845 /* Main.storyboard */ = {
			isa = PBXVariantGroup;
			children = (
				FD3A573F23950B35009D6845 /* Base */,
			);
			name = Main.storyboard;
			sourceTree = "<group>";
		};
		FD3A574323950B39009D6845 /* LaunchScreen.storyboard */ = {
			isa = PBXVariantGroup;
			children = (
				FD3A574423950B39009D6845 /* Base */,
			);
			name = LaunchScreen.storyboard;
			sourceTree = "<group>";
		};
/* End PBXVariantGroup section */

/* Begin XCBuildConfiguration section */
		FD3A574723950B39009D6845 /* Debug */ = {
			isa = XCBuildConfiguration;
			buildSettings = {
				ALWAYS_SEARCH_USER_PATHS = NO;
				CLANG_ANALYZER_NONNULL = YES;
				CLANG_ANALYZER_NUMBER_OBJECT_CONVERSION = YES_AGGRESSIVE;
				CLANG_CXX_LANGUAGE_STANDARD = "gnu++14";
				CLANG_CXX_LIBRARY = "libc++";
				CLANG_ENABLE_MODULES = YES;
				CLANG_ENABLE_OBJC_ARC = YES;
				CLANG_ENABLE_OBJC_WEAK = YES;
				CLANG_WARN_BLOCK_CAPTURE_AUTORELEASING = YES;
				CLANG_WARN_BOOL_CONVERSION = YES;
				CLANG_WARN_COMMA = YES;
				CLANG_WARN_CONSTANT_CONVERSION = YES;
				CLANG_WARN_DEPRECATED_OBJC_IMPLEMENTATIONS = YES;
				CLANG_WARN_DIRECT_OBJC_ISA_USAGE = YES_ERROR;
				CLANG_WARN_DOCUMENTATION_COMMENTS = YES;
				CLANG_WARN_EMPTY_BODY = YES;
				CLANG_WARN_ENUM_CONVERSION = YES;
				CLANG_WARN_INFINITE_RECURSION = YES;
				CLANG_WARN_INT_CONVERSION = YES;
				CLANG_WARN_NON_LITERAL_NULL_CONVERSION = YES;
				CLANG_WARN_OBJC_IMPLICIT_RETAIN_SELF = YES;
				CLANG_WARN_OBJC_LITERAL_CONVERSION = YES;
				CLANG_WARN_OBJC_ROOT_CLASS = YES_ERROR;
				CLANG_WARN_RANGE_LOOP_ANALYSIS = YES;
				CLANG_WARN_STRICT_PROTOTYPES = YES;
				CLANG_WARN_SUSPICIOUS_MOVE = YES;
				CLANG_WARN_UNGUARDED_AVAILABILITY = YES_AGGRESSIVE;
				CLANG_WARN_UNREACHABLE_CODE = YES;
				CLANG_WARN__DUPLICATE_METHOD_MATCH = YES;
				COPY_PHASE_STRIP = NO;
				DEBUG_INFORMATION_FORMAT = dwarf;
				ENABLE_STRICT_OBJC_MSGSEND = YES;
				ENABLE_TESTABILITY = YES;
				GCC_C_LANGUAGE_STANDARD = gnu11;
				GCC_DYNAMIC_NO_PIC = NO;
				GCC_NO_COMMON_BLOCKS = YES;
				GCC_OPTIMIZATION_LEVEL = 0;
				GCC_PREPROCESSOR_DEFINITIONS = (
					"DEBUG=1",
					"$(inherited)",
				);
				GCC_WARN_64_TO_32_BIT_CONVERSION = YES;
				GCC_WARN_ABOUT_RETURN_TYPE = YES_ERROR;
				GCC_WARN_UNDECLARED_SELECTOR = YES;
				GCC_WARN_UNINITIALIZED_AUTOS = YES_AGGRESSIVE;
				GCC_WARN_UNUSED_FUNCTION = YES;
				GCC_WARN_UNUSED_VARIABLE = YES;
				IPHONEOS_DEPLOYMENT_TARGET = 13.2;
				MTL_ENABLE_DEBUG_INFO = INCLUDE_SOURCE;
				MTL_FAST_MATH = YES;
				ONLY_ACTIVE_ARCH = YES;
				SDKROOT = iphoneos;
				SWIFT_ACTIVE_COMPILATION_CONDITIONS = DEBUG;
				SWIFT_OPTIMIZATION_LEVEL = "-Onone";
			};
			name = Debug;
		};
		FD3A574823950B39009D6845 /* Release */ = {
			isa = XCBuildConfiguration;
			buildSettings = {
				ALWAYS_SEARCH_USER_PATHS = NO;
				CLANG_ANALYZER_NONNULL = YES;
				CLANG_ANALYZER_NUMBER_OBJECT_CONVERSION = YES_AGGRESSIVE;
				CLANG_CXX_LANGUAGE_STANDARD = "gnu++14";
				CLANG_CXX_LIBRARY = "libc++";
				CLANG_ENABLE_MODULES = YES;
				CLANG_ENABLE_OBJC_ARC = YES;
				CLANG_ENABLE_OBJC_WEAK = YES;
				CLANG_WARN_BLOCK_CAPTURE_AUTORELEASING = YES;
				CLANG_WARN_BOOL_CONVERSION = YES;
				CLANG_WARN_COMMA = YES;
				CLANG_WARN_CONSTANT_CONVERSION = YES;
				CLANG_WARN_DEPRECATED_OBJC_IMPLEMENTATIONS = YES;
				CLANG_WARN_DIRECT_OBJC_ISA_USAGE = YES_ERROR;
				CLANG_WARN_DOCUMENTATION_COMMENTS = YES;
				CLANG_WARN_EMPTY_BODY = YES;
				CLANG_WARN_ENUM_CONVERSION = YES;
				CLANG_WARN_INFINITE_RECURSION = YES;
				CLANG_WARN_INT_CONVERSION = YES;
				CLANG_WARN_NON_LITERAL_NULL_CONVERSION = YES;
				CLANG_WARN_OBJC_IMPLICIT_RETAIN_SELF = YES;
				CLANG_WARN_OBJC_LITERAL_CONVERSION = YES;
				CLANG_WARN_OBJC_ROOT_CLASS = YES_ERROR;
				CLANG_WARN_RANGE_LOOP_ANALYSIS = YES;
				CLANG_WARN_STRICT_PROTOTYPES = YES;
				CLANG_WARN_SUSPICIOUS_MOVE = YES;
				CLANG_WARN_UNGUARDED_AVAILABILITY = YES_AGGRESSIVE;
				CLANG_WARN_UNREACHABLE_CODE = YES;
				CLANG_WARN__DUPLICATE_METHOD_MATCH = YES;
				COPY_PHASE_STRIP = NO;
				DEBUG_INFORMATION_FORMAT = "dwarf-with-dsym";
				ENABLE_NS_ASSERTIONS = NO;
				ENABLE_STRICT_OBJC_MSGSEND = YES;
				GCC_C_LANGUAGE_STANDARD = gnu11;
				GCC_NO_COMMON_BLOCKS = YES;
				GCC_WARN_64_TO_32_BIT_CONVERSION = YES;
				GCC_WARN_ABOUT_RETURN_TYPE = YES_ERROR;
				GCC_WARN_UNDECLARED_SELECTOR = YES;
				GCC_WARN_UNINITIALIZED_AUTOS = YES_AGGRESSIVE;
				GCC_WARN_UNUSED_FUNCTION = YES;
				GCC_WARN_UNUSED_VARIABLE = YES;
				IPHONEOS_DEPLOYMENT_TARGET = 13.2;
				MTL_ENABLE_DEBUG_INFO = NO;
				MTL_FAST_MATH = YES;
				SDKROOT = iphoneos;
				SWIFT_COMPILATION_MODE = wholemodule;
				SWIFT_OPTIMIZATION_LEVEL = "-O";
				VALIDATE_PRODUCT = YES;
			};
			name = Release;
		};
		FD3A574A23950B39009D6845 /* Debug */ = {
			isa = XCBuildConfiguration;
			buildSettings = {
				ASSETCATALOG_COMPILER_APPICON_NAME = AppIcon;
				CODE_SIGN_STYLE = Automatic;
				INFOPLIST_FILE = TableFromNet/Info.plist;
				LD_RUNPATH_SEARCH_PATHS = (
					"$(inherited)",
					"@executable_path/Frameworks",
				);
				PRODUCT_BUNDLE_IDENTIFIER = PetrenkoInc.TableFromNet;
				PRODUCT_NAME = "$(TARGET_NAME)";
				SWIFT_VERSION = 5.0;
				TARGETED_DEVICE_FAMILY = "1,2";
			};
			name = Debug;
		};
		FD3A574B23950B39009D6845 /* Release */ = {
			isa = XCBuildConfiguration;
			buildSettings = {
				ASSETCATALOG_COMPILER_APPICON_NAME = AppIcon;
				CODE_SIGN_STYLE = Automatic;
				INFOPLIST_FILE = TableFromNet/Info.plist;
				LD_RUNPATH_SEARCH_PATHS = (
					"$(inherited)",
					"@executable_path/Frameworks",
				);
				PRODUCT_BUNDLE_IDENTIFIER = PetrenkoInc.TableFromNet;
				PRODUCT_NAME = "$(TARGET_NAME)";
				SWIFT_VERSION = 5.0;
				TARGETED_DEVICE_FAMILY = "1,2";
			};
			name = Release;
		};
/* End XCBuildConfiguration section */

/* Begin XCConfigurationList section */
		FD3A573023950B35009D6845 /* Build configuration list for PBXProject "TableFromNet" */ = {
			isa = XCConfigurationList;
			buildConfigurations = (
				FD3A574723950B39009D6845 /* Debug */,
				FD3A574823950B39009D6845 /* Release */,
			);
			defaultConfigurationIsVisible = 0;
			defaultConfigurationName = Release;
		};
		FD3A574923950B39009D6845 /* Build configuration list for PBXNativeTarget "TableFromNet" */ = {
			isa = XCConfigurationList;
			buildConfigurations = (
				FD3A574A23950B39009D6845 /* Debug */,
				FD3A574B23950B39009D6845 /* Release */,
			);
			defaultConfigurationIsVisible = 0;
			defaultConfigurationName = Release;
		};
/* End XCConfigurationList section */
	};
	rootObject = FD3A572D23950B35009D6845 /* Project object */;
}
